
Microsoft Visual Studio Solution File, Format Version 12.00
# Visual Studio Version 17
VisualStudioVersion = 17.9.34728.123
MinimumVisualStudioVersion = 10.0.40219.1
Project("{FAE04EC0-301F-11D3-BF4B-00C04F79EFBC}") = "API.Minimal", "API.Minimal\API.Minimal.csproj", "{3E12493B-1680-437E-8ECA-D8E5F52A4925}"
EndProject
Global
	GlobalSection(SolutionConfigurationPlatforms) = preSolution
		Debug|Any CPU = Debug|Any CPU
		Release|Any CPU = Release|Any CPU
	EndGlobalSection
	GlobalSection(ProjectConfigurationPlatforms) = postSolution
		{3E12493B-1680-437E-8ECA-D8E5F52A4925}.Debug|Any CPU.ActiveCfg = Debug|Any CPU
		{3E12493B-1680-437E-8ECA-D8E5F52A4925}.Debug|Any CPU.Build.0 = Debug|Any CPU
		{3E12493B-1680-437E-8ECA-D8E5F52A4925}.Release|Any CPU.ActiveCfg = Release|Any CPU
		{3E12493B-1680-437E-8ECA-D8E5F52A4925}.Release|Any CPU.Build.0 = Release|Any CPU
	EndGlobalSection
	GlobalSection(SolutionProperties) = preSolution
		HideSolutionNode = FALSE
	EndGlobalSection
	GlobalSection(ExtensibilityGlobals) = postSolution
		SolutionGuid = {20E4D5CF-9C65-44CC-9A9B-870198D8C6AA}
	EndGlobalSection
EndGlobal
